
Microsoft Visual Studio Solution File, Format Version 12.00
Project("{FAE04EC0-301F-11D3-BF4B-00C04F79EFBC}") = "PS.Console", "PS.Console\PS.Console.csproj", "{03B6CE85-8BDE-4CAA-B77F-EBB1FF40DC1D}"
EndProject
Project("{FAE04EC0-301F-11D3-BF4B-00C04F79EFBC}") = "PS.Domain", "PS.Domain\PS.Domain.csproj", "{AE604A66-2B02-49FB-8179-3E063C0C4CA2}"
EndProject
Project("{FAE04EC0-301F-11D3-BF4B-00C04F79EFBC}") = "PS.Service", "PS.Service\PS.Service.csproj", "{F68575A0-4849-4752-B447-C6FD3B1F9A72}"
EndProject
Project("{FAE04EC0-301F-11D3-BF4B-00C04F79EFBC}") = "PS.Data", "PS.Data\PS.Data.csproj", "{9B98C5BD-37B6-4BD3-B216-4CDB64C627A2}"
EndProject
Global
	GlobalSection(SolutionConfigurationPlatforms) = preSolution
		Debug|Any CPU = Debug|Any CPU
		Release|Any CPU = Release|Any CPU
	EndGlobalSection
	GlobalSection(ProjectConfigurationPlatforms) = postSolution
		{03B6CE85-8BDE-4CAA-B77F-EBB1FF40DC1D}.Debug|Any CPU.ActiveCfg = Debug|Any CPU
		{03B6CE85-8BDE-4CAA-B77F-EBB1FF40DC1D}.Debug|Any CPU.Build.0 = Debug|Any CPU
		{03B6CE85-8BDE-4CAA-B77F-EBB1FF40DC1D}.Release|Any CPU.ActiveCfg = Release|Any CPU
		{03B6CE85-8BDE-4CAA-B77F-EBB1FF40DC1D}.Release|Any CPU.Build.0 = Release|Any CPU
		{AE604A66-2B02-49FB-8179-3E063C0C4CA2}.Debug|Any CPU.ActiveCfg = Debug|Any CPU
		{AE604A66-2B02-49FB-8179-3E063C0C4CA2}.Debug|Any CPU.Build.0 = Debug|Any CPU
		{AE604A66-2B02-49FB-8179-3E063C0C4CA2}.Release|Any CPU.ActiveCfg = Release|Any CPU
		{AE604A66-2B02-49FB-8179-3E063C0C4CA2}.Release|Any CPU.Build.0 = Release|Any CPU
		{F68575A0-4849-4752-B447-C6FD3B1F9A72}.Debug|Any CPU.ActiveCfg = Debug|Any CPU
		{F68575A0-4849-4752-B447-C6FD3B1F9A72}.Debug|Any CPU.Build.0 = Debug|Any CPU
		{F68575A0-4849-4752-B447-C6FD3B1F9A72}.Release|Any CPU.ActiveCfg = Release|Any CPU
		{F68575A0-4849-4752-B447-C6FD3B1F9A72}.Release|Any CPU.Build.0 = Release|Any CPU
		{9B98C5BD-37B6-4BD3-B216-4CDB64C627A2}.Debug|Any CPU.ActiveCfg = Debug|Any CPU
		{9B98C5BD-37B6-4BD3-B216-4CDB64C627A2}.Debug|Any CPU.Build.0 = Debug|Any CPU
		{9B98C5BD-37B6-4BD3-B216-4CDB64C627A2}.Release|Any CPU.ActiveCfg = Release|Any CPU
		{9B98C5BD-37B6-4BD3-B216-4CDB64C627A2}.Release|Any CPU.Build.0 = Release|Any CPU
	EndGlobalSection
EndGlobal
